
Microsoft Visual Studio Solution File, Format Version 12.00
# Visual Studio 14
VisualStudioVersion = 14.0.24720.0
MinimumVisualStudioVersion = 10.0.40219.1
Project("{FAE04EC0-301F-11D3-BF4B-00C04F79EFBC}") = "TrueMVCForms", "TrueMVCForms\TrueMVCForms.csproj", "{9C355C4A-671D-45F4-B84A-CB306427E325}"
EndProject
Project("{FAE04EC0-301F-11D3-BF4B-00C04F79EFBC}") = "True.Html5Helper", "True.Html5Helper\True.Html5Helper.csproj", "{8F52C761-0E08-4189-A954-97D0AC48C479}"
EndProject
Global
	GlobalSection(SolutionConfigurationPlatforms) = preSolution
		Debug|Any CPU = Debug|Any CPU
		Release|Any CPU = Release|Any CPU
	EndGlobalSection
	GlobalSection(ProjectConfigurationPlatforms) = postSolution
		{9C355C4A-671D-45F4-B84A-CB306427E325}.Debug|Any CPU.ActiveCfg = Debug|Any CPU
		{9C355C4A-671D-45F4-B84A-CB306427E325}.Debug|Any CPU.Build.0 = Debug|Any CPU
		{9C355C4A-671D-45F4-B84A-CB306427E325}.Release|Any CPU.ActiveCfg = Release|Any CPU
		{9C355C4A-671D-45F4-B84A-CB306427E325}.Release|Any CPU.Build.0 = Release|Any CPU
		{8F52C761-0E08-4189-A954-97D0AC48C479}.Debug|Any CPU.ActiveCfg = Debug|Any CPU
		{8F52C761-0E08-4189-A954-97D0AC48C479}.Debug|Any CPU.Build.0 = Debug|Any CPU
		{8F52C761-0E08-4189-A954-97D0AC48C479}.Release|Any CPU.ActiveCfg = Release|Any CPU
		{8F52C761-0E08-4189-A954-97D0AC48C479}.Release|Any CPU.Build.0 = Release|Any CPU
	EndGlobalSection
	GlobalSection(SolutionProperties) = preSolution
		HideSolutionNode = FALSE
	EndGlobalSection
EndGlobal
