
Microsoft Visual Studio Solution File, Format Version 12.00
# Visual Studio 14
VisualStudioVersion = 14.0.24720.0
MinimumVisualStudioVersion = 10.0.40219.1
Project("{2150E333-8FDC-42A3-9474-1A3956D46DE8}") = "Libs", "Libs", "{24E64D94-CB86-4D62-834E-77A8CAEEF914}"
	ProjectSection(SolutionItems) = preProject
		Libs\CMS.Base.dll = Libs\CMS.Base.dll
		Libs\CMS.DataEngine.dll = Libs\CMS.DataEngine.dll
		Libs\CMS.FormEngine.dll = Libs\CMS.FormEngine.dll
		Libs\CMS.Helpers.dll = Libs\CMS.Helpers.dll
		Libs\CMS.OnlineForms.dll = Libs\CMS.OnlineForms.dll
		Libs\CMS.SiteProvider.dll = Libs\CMS.SiteProvider.dll
	EndProjectSection
EndProject
Project("{FAE04EC0-301F-11D3-BF4B-00C04F79EFBC}") = "True.Kentico.Forms", "True.Kentico.Forms\True.Kentico.Forms.csproj", "{70BB3BC5-A946-471A-B0FB-A9FC0DE5FC3C}"
EndProject
Project("{FAE04EC0-301F-11D3-BF4B-00C04F79EFBC}") = "True.Kentico.Forms.Web", "True.Kentico.Forms.Web\True.Kentico.Forms.Web.csproj", "{61961B93-4D6C-4A8F-8DC3-E52F7E87E604}"
EndProject
Global
	GlobalSection(SolutionConfigurationPlatforms) = preSolution
		Debug|Any CPU = Debug|Any CPU
		Live|Any CPU = Live|Any CPU
		QA - Debug|Any CPU = QA - Debug|Any CPU
		QA|Any CPU = QA|Any CPU
		Release|Any CPU = Release|Any CPU
		UAT - Debug|Any CPU = UAT - Debug|Any CPU
		UAT|Any CPU = UAT|Any CPU
	EndGlobalSection
	GlobalSection(ProjectConfigurationPlatforms) = postSolution
		{70BB3BC5-A946-471A-B0FB-A9FC0DE5FC3C}.Debug|Any CPU.ActiveCfg = Debug|Any CPU
		{70BB3BC5-A946-471A-B0FB-A9FC0DE5FC3C}.Debug|Any CPU.Build.0 = Debug|Any CPU
		{70BB3BC5-A946-471A-B0FB-A9FC0DE5FC3C}.Live|Any CPU.ActiveCfg = Release|Any CPU
		{70BB3BC5-A946-471A-B0FB-A9FC0DE5FC3C}.Live|Any CPU.Build.0 = Release|Any CPU
		{70BB3BC5-A946-471A-B0FB-A9FC0DE5FC3C}.QA - Debug|Any CPU.ActiveCfg = Debug|Any CPU
		{70BB3BC5-A946-471A-B0FB-A9FC0DE5FC3C}.QA - Debug|Any CPU.Build.0 = Debug|Any CPU
		{70BB3BC5-A946-471A-B0FB-A9FC0DE5FC3C}.QA|Any CPU.ActiveCfg = Release|Any CPU
		{70BB3BC5-A946-471A-B0FB-A9FC0DE5FC3C}.QA|Any CPU.Build.0 = Release|Any CPU
		{70BB3BC5-A946-471A-B0FB-A9FC0DE5FC3C}.Release|Any CPU.ActiveCfg = Release|Any CPU
		{70BB3BC5-A946-471A-B0FB-A9FC0DE5FC3C}.Release|Any CPU.Build.0 = Release|Any CPU
		{70BB3BC5-A946-471A-B0FB-A9FC0DE5FC3C}.UAT - Debug|Any CPU.ActiveCfg = Debug|Any CPU
		{70BB3BC5-A946-471A-B0FB-A9FC0DE5FC3C}.UAT - Debug|Any CPU.Build.0 = Debug|Any CPU
		{70BB3BC5-A946-471A-B0FB-A9FC0DE5FC3C}.UAT|Any CPU.ActiveCfg = Release|Any CPU
		{70BB3BC5-A946-471A-B0FB-A9FC0DE5FC3C}.UAT|Any CPU.Build.0 = Release|Any CPU
		{61961B93-4D6C-4A8F-8DC3-E52F7E87E604}.Debug|Any CPU.ActiveCfg = Debug|Any CPU
		{61961B93-4D6C-4A8F-8DC3-E52F7E87E604}.Debug|Any CPU.Build.0 = Debug|Any CPU
		{61961B93-4D6C-4A8F-8DC3-E52F7E87E604}.Live|Any CPU.ActiveCfg = Release|Any CPU
		{61961B93-4D6C-4A8F-8DC3-E52F7E87E604}.Live|Any CPU.Build.0 = Release|Any CPU
		{61961B93-4D6C-4A8F-8DC3-E52F7E87E604}.QA - Debug|Any CPU.ActiveCfg = Debug|Any CPU
		{61961B93-4D6C-4A8F-8DC3-E52F7E87E604}.QA - Debug|Any CPU.Build.0 = Debug|Any CPU
		{61961B93-4D6C-4A8F-8DC3-E52F7E87E604}.QA|Any CPU.ActiveCfg = Release|Any CPU
		{61961B93-4D6C-4A8F-8DC3-E52F7E87E604}.QA|Any CPU.Build.0 = Release|Any CPU
		{61961B93-4D6C-4A8F-8DC3-E52F7E87E604}.Release|Any CPU.ActiveCfg = Release|Any CPU
		{61961B93-4D6C-4A8F-8DC3-E52F7E87E604}.Release|Any CPU.Build.0 = Release|Any CPU
		{61961B93-4D6C-4A8F-8DC3-E52F7E87E604}.UAT - Debug|Any CPU.ActiveCfg = Debug|Any CPU
		{61961B93-4D6C-4A8F-8DC3-E52F7E87E604}.UAT - Debug|Any CPU.Build.0 = Debug|Any CPU
		{61961B93-4D6C-4A8F-8DC3-E52F7E87E604}.UAT|Any CPU.ActiveCfg = Release|Any CPU
		{61961B93-4D6C-4A8F-8DC3-E52F7E87E604}.UAT|Any CPU.Build.0 = Release|Any CPU
	EndGlobalSection
	GlobalSection(SolutionProperties) = preSolution
		HideSolutionNode = FALSE
	EndGlobalSection
EndGlobal
